
Microsoft Visual Studio Solution File, Format Version 12.00
# Visual Studio Version 17
VisualStudioVersion = 17.1.32414.318
MinimumVisualStudioVersion = 10.0.40219.1
Project("{8BC9CEB8-8B4A-11D0-8D11-00A0C91BC942}") = "student question", "student question\student question.vcxproj", "{19EA440F-8FD7-4C28-AC09-63099DB93AB7}"
EndProject
Global
	GlobalSection(SolutionConfigurationPlatforms) = preSolution
		Debug|x64 = Debug|x64
		Debug|x86 = Debug|x86
		Release|x64 = Release|x64
		Release|x86 = Release|x86
	EndGlobalSection
	GlobalSection(ProjectConfigurationPlatforms) = postSolution
		{19EA440F-8FD7-4C28-AC09-63099DB93AB7}.Debug|x64.ActiveCfg = Debug|x64
		{19EA440F-8FD7-4C28-AC09-63099DB93AB7}.Debug|x64.Build.0 = Debug|x64
		{19EA440F-8FD7-4C28-AC09-63099DB93AB7}.Debug|x86.ActiveCfg = Debug|Win32
		{19EA440F-8FD7-4C28-AC09-63099DB93AB7}.Debug|x86.Build.0 = Debug|Win32
		{19EA440F-8FD7-4C28-AC09-63099DB93AB7}.Release|x64.ActiveCfg = Release|x64
		{19EA440F-8FD7-4C28-AC09-63099DB93AB7}.Release|x64.Build.0 = Release|x64
		{19EA440F-8FD7-4C28-AC09-63099DB93AB7}.Release|x86.ActiveCfg = Release|Win32
		{19EA440F-8FD7-4C28-AC09-63099DB93AB7}.Release|x86.Build.0 = Release|Win32
	EndGlobalSection
	GlobalSection(SolutionProperties) = preSolution
		HideSolutionNode = FALSE
	EndGlobalSection
	GlobalSection(ExtensibilityGlobals) = postSolution
		SolutionGuid = {262EC988-8735-4FC1-8BD4-28485A82DB31}
	EndGlobalSection
EndGlobal
